
Microsoft Visual Studio Solution File, Format Version 12.00
# Visual Studio Version 16
VisualStudioVersion = 16.0.29403.142
MinimumVisualStudioVersion = 10.0.40219.1
Project("{FAE04EC0-301F-11D3-BF4B-00C04F79EFBC}") = "InterviewSolutions", "InterviewSolutions\InterviewSolutions.csproj", "{A3F45455-46AE-4DC8-AF29-B9B0B7B258D2}"
EndProject
Global
	GlobalSection(SolutionConfigurationPlatforms) = preSolution
		Debug|Any CPU = Debug|Any CPU
		Release|Any CPU = Release|Any CPU
	EndGlobalSection
	GlobalSection(ProjectConfigurationPlatforms) = postSolution
		{A3F45455-46AE-4DC8-AF29-B9B0B7B258D2}.Debug|Any CPU.ActiveCfg = Debug|Any CPU
		{A3F45455-46AE-4DC8-AF29-B9B0B7B258D2}.Debug|Any CPU.Build.0 = Debug|Any CPU
		{A3F45455-46AE-4DC8-AF29-B9B0B7B258D2}.Release|Any CPU.ActiveCfg = Release|Any CPU
		{A3F45455-46AE-4DC8-AF29-B9B0B7B258D2}.Release|Any CPU.Build.0 = Release|Any CPU
	EndGlobalSection
	GlobalSection(SolutionProperties) = preSolution
		HideSolutionNode = FALSE
	EndGlobalSection
	GlobalSection(ExtensibilityGlobals) = postSolution
		SolutionGuid = {2A09589A-DEE2-4CCB-A9F9-044CEB6A3389}
	EndGlobalSection
EndGlobal
